
Microsoft Visual Studio Solution File, Format Version 12.00
# Visual Studio 15
VisualStudioVersion = 15.0.26730.16
MinimumVisualStudioVersion = 10.0.40219.1
Project("{9092AA53-FB77-4645-B42D-1CCCA6BD08BD}") = "Integrate", "Integrate\Integrate.njsproj", "{21C3833B-BE50-4B28-A688-21D10C87BE58}"
EndProject
Global
	GlobalSection(SolutionConfigurationPlatforms) = preSolution
		Debug|Any CPU = Debug|Any CPU
		Release|Any CPU = Release|Any CPU
	EndGlobalSection
	GlobalSection(ProjectConfigurationPlatforms) = postSolution
		{21C3833B-BE50-4B28-A688-21D10C87BE58}.Debug|Any CPU.ActiveCfg = Debug|Any CPU
		{21C3833B-BE50-4B28-A688-21D10C87BE58}.Debug|Any CPU.Build.0 = Debug|Any CPU
		{21C3833B-BE50-4B28-A688-21D10C87BE58}.Release|Any CPU.ActiveCfg = Release|Any CPU
		{21C3833B-BE50-4B28-A688-21D10C87BE58}.Release|Any CPU.Build.0 = Release|Any CPU
	EndGlobalSection
	GlobalSection(SolutionProperties) = preSolution
		HideSolutionNode = FALSE
	EndGlobalSection
	GlobalSection(ExtensibilityGlobals) = postSolution
		SolutionGuid = {7D437037-AD81-484D-BC0B-02932B1602E4}
	EndGlobalSection
EndGlobal
